// !$*UTF8*$!
{
	archiveVersion = 1;
	classes = {
	};
	objectVersion = 50;
	objects = {

/* Begin PBXBuildFile section */
		DC84D9182556499F00B43E29 /* AppDelegate.swift in Sources */ = {isa = PBXBuildFile; fileRef = DC84D9172556499F00B43E29 /* AppDelegate.swift */; };
		DC84D91A2556499F00B43E29 /* SceneDelegate.swift in Sources */ = {isa = PBXBuildFile; fileRef = DC84D9192556499F00B43E29 /* SceneDelegate.swift */; };
		DC84D91C2556499F00B43E29 /* ViewController.swift in Sources */ = {isa = PBXBuildFile; fileRef = DC84D91B2556499F00B43E29 /* ViewController.swift */; };
		DC84D91F2556499F00B43E29 /* Main.storyboard in Resources */ = {isa = PBXBuildFile; fileRef = DC84D91D2556499F00B43E29 /* Main.storyboard */; };
		DC84D921255649A200B43E29 /* Assets.xcassets in Resources */ = {isa = PBXBuildFile; fileRef = DC84D920255649A200B43E29 /* Assets.xcassets */; };
		DC84D924255649A200B43E29 /* LaunchScreen.storyboard in Resources */ = {isa = PBXBuildFile; fileRef = DC84D922255649A200B43E29 /* LaunchScreen.storyboard */; };
		DCBE1AA125579A5B00AC2461 /* CongratsViewController.swift in Sources */ = {isa = PBXBuildFile; fileRef = DCBE1AA025579A5B00AC2461 /* CongratsViewController.swift */; };
		DCBE1AA325579C0700AC2461 /* Scene1ViewController.swift in Sources */ = {isa = PBXBuildFile; fileRef = DCBE1AA225579C0700AC2461 /* Scene1ViewController.swift */; };
		DCBE1AA525579C1100AC2461 /* Scene2ViewController.swift in Sources */ = {isa = PBXBuildFile; fileRef = DCBE1AA425579C1100AC2461 /* Scene2ViewController.swift */; };
/* End PBXBuildFile section */

/* Begin PBXFileReference section */
		DC84D9142556499F00B43E29 /* TTB.app */ = {isa = PBXFileReference; explicitFileType = wrapper.application; includeInIndex = 0; path = TTB.app; sourceTree = BUILT_PRODUCTS_DIR; };
		DC84D9172556499F00B43E29 /* AppDelegate.swift */ = {isa = PBXFileReference; lastKnownFileType = sourcecode.swift; path = AppDelegate.swift; sourceTree = "<group>"; };
		DC84D9192556499F00B43E29 /* SceneDelegate.swift */ = {isa = PBXFileReference; lastKnownFileType = sourcecode.swift; path = SceneDelegate.swift; sourceTree = "<group>"; };
		DC84D91B2556499F00B43E29 /* ViewController.swift */ = {isa = PBXFileReference; lastKnownFileType = sourcecode.swift; path = ViewController.swift; sourceTree = "<group>"; };
		DC84D91E2556499F00B43E29 /* Base */ = {isa = PBXFileReference; lastKnownFileType = file.storyboard; name = Base; path = Base.lproj/Main.storyboard; sourceTree = "<group>"; };
		DC84D920255649A200B43E29 /* Assets.xcassets */ = {isa = PBXFileReference; lastKnownFileType = folder.assetcatalog; path = Assets.xcassets; sourceTree = "<group>"; };
		DC84D923255649A200B43E29 /* Base */ = {isa = PBXFileReference; lastKnownFileType = file.storyboard; name = Base; path = Base.lproj/LaunchScreen.storyboard; sourceTree = "<group>"; };
		DC84D925255649A200B43E29 /* Info.plist */ = {isa = PBXFileReference; lastKnownFileType = text.plist.xml; path = Info.plist; sourceTree = "<group>"; };
		DCBE1AA025579A5B00AC2461 /* CongratsViewController.swift */ = {isa = PBXFileReference; lastKnownFileType = sourcecode.swift; path = CongratsViewController.swift; sourceTree = "<group>"; };
		DCBE1AA225579C0700AC2461 /* Scene1ViewController.swift */ = {isa = PBXFileReference; lastKnownFileType = sourcecode.swift; path = Scene1ViewController.swift; sourceTree = "<group>"; };
		DCBE1AA425579C1100AC2461 /* Scene2ViewController.swift */ = {isa = PBXFileReference; lastKnownFileType = sourcecode.swift; path = Scene2ViewController.swift; sourceTree = "<group>"; };
/* End PBXFileReference section */

/* Begin PBXFrameworksBuildPhase section */
		DC84D9112556499F00B43E29 /* Frameworks */ = {
			isa = PBXFrameworksBuildPhase;
			buildActionMask = 2147483647;
			files = (
			);
			runOnlyForDeploymentPostprocessing = 0;
		};
/* End PBXFrameworksBuildPhase section */

/* Begin PBXGroup section */
		DC84D90B2556499F00B43E29 = {
			isa = PBXGroup;
			children = (
				DC84D9162556499F00B43E29 /* TTB */,
				DC84D9152556499F00B43E29 /* Products */,
			);
			sourceTree = "<group>";
		};
		DC84D9152556499F00B43E29 /* Products */ = {
			isa = PBXGroup;
			children = (
				DC84D9142556499F00B43E29 /* TTB.app */,
			);
			name = Products;
			sourceTree = "<group>";
		};
		DC84D9162556499F00B43E29 /* TTB */ = {
			isa = PBXGroup;
			children = (
				DC84D9172556499F00B43E29 /* AppDelegate.swift */,
				DC84D9192556499F00B43E29 /* SceneDelegate.swift */,
				DC84D91B2556499F00B43E29 /* ViewController.swift */,
				DC84D91D2556499F00B43E29 /* Main.storyboard */,
				DC84D920255649A200B43E29 /* Assets.xcassets */,
				DC84D922255649A200B43E29 /* LaunchScreen.storyboard */,
				DC84D925255649A200B43E29 /* Info.plist */,
				DCBE1AA025579A5B00AC2461 /* CongratsViewController.swift */,
				DCBE1AA225579C0700AC2461 /* Scene1ViewController.swift */,
				DCBE1AA425579C1100AC2461 /* Scene2ViewController.swift */,
			);
			path = TTB;
			sourceTree = "<group>";
		};
/* End PBXGroup section */

/* Begin PBXNativeTarget section */
		DC84D9132556499F00B43E29 /* TTB */ = {
			isa = PBXNativeTarget;
			buildConfigurationList = DC84D928255649A200B43E29 /* Build configuration list for PBXNativeTarget "TTB" */;
			buildPhases = (
				DC84D9102556499F00B43E29 /* Sources */,
				DC84D9112556499F00B43E29 /* Frameworks */,
				DC84D9122556499F00B43E29 /* Resources */,
			);
			buildRules = (
			);
			dependencies = (
			);
			name = TTB;
			productName = TTB;
			productReference = DC84D9142556499F00B43E29 /* TTB.app */;
			productType = "com.apple.product-type.application";
		};
/* End PBXNativeTarget section */

/* Begin PBXProject section */
		DC84D90C2556499F00B43E29 /* Project object */ = {
			isa = PBXProject;
			attributes = {
				LastSwiftUpdateCheck = 1150;
				LastUpgradeCheck = 1150;
				ORGANIZATIONNAME = TracyWei;
				TargetAttributes = {
					DC84D9132556499F00B43E29 = {
						CreatedOnToolsVersion = 11.5;
					};
				};
			};
			buildConfigurationList = DC84D90F2556499F00B43E29 /* Build configuration list for PBXProject "TTB" */;
			compatibilityVersion = "Xcode 9.3";
			developmentRegion = en;
			hasScannedForEncodings = 0;
			knownRegions = (
				en,
				Base,
			);
			mainGroup = DC84D90B2556499F00B43E29;
			productRefGroup = DC84D9152556499F00B43E29 /* Products */;
			projectDirPath = "";
			projectRoot = "";
			targets = (
				DC84D9132556499F00B43E29 /* TTB */,
			);
		};
/* End PBXProject section */

/* Begin PBXResourcesBuildPhase section */
		DC84D9122556499F00B43E29 /* Resources */ = {
			isa = PBXResourcesBuildPhase;
			buildActionMask = 2147483647;
			files = (
				DC84D924255649A200B43E29 /* LaunchScreen.storyboard in Resources */,
				DC84D921255649A200B43E29 /* Assets.xcassets in Resources */,
				DC84D91F2556499F00B43E29 /* Main.storyboard in Resources */,
			);
			runOnlyForDeploymentPostprocessing = 0;
		};
/* End PBXResourcesBuildPhase section */

/* Begin PBXSourcesBuildPhase section */
		DC84D9102556499F00B43E29 /* Sources */ = {
			isa = PBXSourcesBuildPhase;
			buildActionMask = 2147483647;
			files = (
				DC84D91C2556499F00B43E29 /* ViewController.swift in Sources */,
				DC84D9182556499F00B43E29 /* AppDelegate.swift in Sources */,
				DCBE1AA525579C1100AC2461 /* Scene2ViewController.swift in Sources */,
				DC84D91A2556499F00B43E29 /* SceneDelegate.swift in Sources */,
				DCBE1AA125579A5B00AC2461 /* CongratsViewController.swift in Sources */,
				DCBE1AA325579C0700AC2461 /* Scene1ViewController.swift in Sources */,
			);
			runOnlyForDeploymentPostprocessing = 0;
		};
/* End PBXSourcesBuildPhase section */

/* Begin PBXVariantGroup section */
		DC84D91D2556499F00B43E29 /* Main.storyboard */ = {
			isa = PBXVariantGroup;
			children = (
				DC84D91E2556499F00B43E29 /* Base */,
			);
			name = Main.storyboard;
			sourceTree = "<group>";
		};
		DC84D922255649A200B43E29 /* LaunchScreen.storyboard */ = {
			isa = PBXVariantGroup;
			children = (
				DC84D923255649A200B43E29 /* Base */,
			);
			name = LaunchScreen.storyboard;
			sourceTree = "<group>";
		};
/* End PBXVariantGroup section */

/* Begin XCBuildConfiguration section */
		DC84D926255649A200B43E29 /* Debug */ = {
			isa = XCBuildConfiguration;
			buildSettings = {
				ALWAYS_SEARCH_USER_PATHS = NO;
				CLANG_ANALYZER_NONNULL = YES;
				CLANG_ANALYZER_NUMBER_OBJECT_CONVERSION = YES_AGGRESSIVE;
				CLANG_CXX_LANGUAGE_STANDARD = "gnu++14";
				CLANG_CXX_LIBRARY = "libc++";
				CLANG_ENABLE_MODULES = YES;
				CLANG_ENABLE_OBJC_ARC = YES;
				CLANG_ENABLE_OBJC_WEAK = YES;
				CLANG_WARN_BLOCK_CAPTURE_AUTORELEASING = YES;
				CLANG_WARN_BOOL_CONVERSION = YES;
				CLANG_WARN_COMMA = YES;
				CLANG_WARN_CONSTANT_CONVERSION = YES;
				CLANG_WARN_DEPRECATED_OBJC_IMPLEMENTATIONS = YES;
				CLANG_WARN_DIRECT_OBJC_ISA_USAGE = YES_ERROR;
				CLANG_WARN_DOCUMENTATION_COMMENTS = YES;
				CLANG_WARN_EMPTY_BODY = YES;
				CLANG_WARN_ENUM_CONVERSION = YES;
				CLANG_WARN_INFINITE_RECURSION = YES;
				CLANG_WARN_INT_CONVERSION = YES;
				CLANG_WARN_NON_LITERAL_NULL_CONVERSION = YES;
				CLANG_WARN_OBJC_IMPLICIT_RETAIN_SELF = YES;
				CLANG_WARN_OBJC_LITERAL_CONVERSION = YES;
				CLANG_WARN_OBJC_ROOT_CLASS = YES_ERROR;
				CLANG_WARN_RANGE_LOOP_ANALYSIS = YES;
				CLANG_WARN_STRICT_PROTOTYPES = YES;
				CLANG_WARN_SUSPICIOUS_MOVE = YES;
				CLANG_WARN_UNGUARDED_AVAILABILITY = YES_AGGRESSIVE;
				CLANG_WARN_UNREACHABLE_CODE = YES;
				CLANG_WARN__DUPLICATE_METHOD_MATCH = YES;
				COPY_PHASE_STRIP = NO;
				DEBUG_INFORMATION_FORMAT = dwarf;
				ENABLE_STRICT_OBJC_MSGSEND = YES;
				ENABLE_TESTABILITY = YES;
				GCC_C_LANGUAGE_STANDARD = gnu11;
				GCC_DYNAMIC_NO_PIC = NO;
				GCC_NO_COMMON_BLOCKS = YES;
				GCC_OPTIMIZATION_LEVEL = 0;
				GCC_PREPROCESSOR_DEFINITIONS = (
					"DEBUG=1",
					"$(inherited)",
				);
				GCC_WARN_64_TO_32_BIT_CONVERSION = YES;
				GCC_WARN_ABOUT_RETURN_TYPE = YES_ERROR;
				GCC_WARN_UNDECLARED_SELECTOR = YES;
				GCC_WARN_UNINITIALIZED_AUTOS = YES_AGGRESSIVE;
				GCC_WARN_UNUSED_FUNCTION = YES;
				GCC_WARN_UNUSED_VARIABLE = YES;
				IPHONEOS_DEPLOYMENT_TARGET = 13.5;
				MTL_ENABLE_DEBUG_INFO = INCLUDE_SOURCE;
				MTL_FAST_MATH = YES;
				ONLY_ACTIVE_ARCH = YES;
				SDKROOT = iphoneos;
				SWIFT_ACTIVE_COMPILATION_CONDITIONS = DEBUG;
				SWIFT_OPTIMIZATION_LEVEL = "-Onone";
			};
			name = Debug;
		};
		DC84D927255649A200B43E29 /* Release */ = {
			isa = XCBuildConfiguration;
			buildSettings = {
				ALWAYS_SEARCH_USER_PATHS = NO;
				CLANG_ANALYZER_NONNULL = YES;
				CLANG_ANALYZER_NUMBER_OBJECT_CONVERSION = YES_AGGRESSIVE;
				CLANG_CXX_LANGUAGE_STANDARD = "gnu++14";
				CLANG_CXX_LIBRARY = "libc++";
				CLANG_ENABLE_MODULES = YES;
				CLANG_ENABLE_OBJC_ARC = YES;
				CLANG_ENABLE_OBJC_WEAK = YES;
				CLANG_WARN_BLOCK_CAPTURE_AUTORELEASING = YES;
				CLANG_WARN_BOOL_CONVERSION = YES;
				CLANG_WARN_COMMA = YES;
				CLANG_WARN_CONSTANT_CONVERSION = YES;
				CLANG_WARN_DEPRECATED_OBJC_IMPLEMENTATIONS = YES;
				CLANG_WARN_DIRECT_OBJC_ISA_USAGE = YES_ERROR;
				CLANG_WARN_DOCUMENTATION_COMMENTS = YES;
				CLANG_WARN_EMPTY_BODY = YES;
				CLANG_WARN_ENUM_CONVERSION = YES;
				CLANG_WARN_INFINITE_RECURSION = YES;
				CLANG_WARN_INT_CONVERSION = YES;
				CLANG_WARN_NON_LITERAL_NULL_CONVERSION = YES;
				CLANG_WARN_OBJC_IMPLICIT_RETAIN_SELF = YES;
				CLANG_WARN_OBJC_LITERAL_CONVERSION = YES;
				CLANG_WARN_OBJC_ROOT_CLASS = YES_ERROR;
				CLANG_WARN_RANGE_LOOP_ANALYSIS = YES;
				CLANG_WARN_STRICT_PROTOTYPES = YES;
				CLANG_WARN_SUSPICIOUS_MOVE = YES;
				CLANG_WARN_UNGUARDED_AVAILABILITY = YES_AGGRESSIVE;
				CLANG_WARN_UNREACHABLE_CODE = YES;
				CLANG_WARN__DUPLICATE_METHOD_MATCH = YES;
				COPY_PHASE_STRIP = NO;
				DEBUG_INFORMATION_FORMAT = "dwarf-with-dsym";
				ENABLE_NS_ASSERTIONS = NO;
				ENABLE_STRICT_OBJC_MSGSEND = YES;
				GCC_C_LANGUAGE_STANDARD = gnu11;
				GCC_NO_COMMON_BLOCKS = YES;
				GCC_WARN_64_TO_32_BIT_CONVERSION = YES;
				GCC_WARN_ABOUT_RETURN_TYPE = YES_ERROR;
				GCC_WARN_UNDECLARED_SELECTOR = YES;
				GCC_WARN_UNINITIALIZED_AUTOS = YES_AGGRESSIVE;
				GCC_WARN_UNUSED_FUNCTION = YES;
				GCC_WARN_UNUSED_VARIABLE = YES;
				IPHONEOS_DEPLOYMENT_TARGET = 13.5;
				MTL_ENABLE_DEBUG_INFO = NO;
				MTL_FAST_MATH = YES;
				SDKROOT = iphoneos;
				SWIFT_COMPILATION_MODE = wholemodule;
				SWIFT_OPTIMIZATION_LEVEL = "-O";
				VALIDATE_PRODUCT = YES;
			};
			name = Release;
		};
		DC84D929255649A200B43E29 /* Debug */ = {
			isa = XCBuildConfiguration;
			buildSettings = {
				ASSETCATALOG_COMPILER_APPICON_NAME = AppIcon;
				CODE_SIGN_STYLE = Automatic;
				DEVELOPMENT_TEAM = L7APU82M6V;
				INFOPLIST_FILE = TTB/Info.plist;
				LD_RUNPATH_SEARCH_PATHS = (
					"$(inherited)",
					"@executable_path/Frameworks",
				);
				PRODUCT_BUNDLE_IDENTIFIER = TracyWei.TTB;
				PRODUCT_NAME = "$(TARGET_NAME)";
				SWIFT_VERSION = 5.0;
				TARGETED_DEVICE_FAMILY = "1,2";
			};
			name = Debug;
		};
		DC84D92A255649A200B43E29 /* Release */ = {
			isa = XCBuildConfiguration;
			buildSettings = {
				ASSETCATALOG_COMPILER_APPICON_NAME = AppIcon;
				CODE_SIGN_STYLE = Automatic;
				DEVELOPMENT_TEAM = L7APU82M6V;
				INFOPLIST_FILE = TTB/Info.plist;
				LD_RUNPATH_SEARCH_PATHS = (
					"$(inherited)",
					"@executable_path/Frameworks",
				);
				PRODUCT_BUNDLE_IDENTIFIER = TracyWei.TTB;
				PRODUCT_NAME = "$(TARGET_NAME)";
				SWIFT_VERSION = 5.0;
				TARGETED_DEVICE_FAMILY = "1,2";
			};
			name = Release;
		};
/* End XCBuildConfiguration section */

/* Begin XCConfigurationList section */
		DC84D90F2556499F00B43E29 /* Build configuration list for PBXProject "TTB" */ = {
			isa = XCConfigurationList;
			buildConfigurations = (
				DC84D926255649A200B43E29 /* Debug */,
				DC84D927255649A200B43E29 /* Release */,
			);
			defaultConfigurationIsVisible = 0;
			defaultConfigurationName = Release;
		};
		DC84D928255649A200B43E29 /* Build configuration list for PBXNativeTarget "TTB" */ = {
			isa = XCConfigurationList;
			buildConfigurations = (
				DC84D929255649A200B43E29 /* Debug */,
				DC84D92A255649A200B43E29 /* Release */,
			);
			defaultConfigurationIsVisible = 0;
			defaultConfigurationName = Release;
		};
/* End XCConfigurationList section */
	};
	rootObject = DC84D90C2556499F00B43E29 /* Project object */;
}
